
Microsoft Visual Studio Solution File, Format Version 12.00
# Visual Studio Version 17
VisualStudioVersion = 17.1.32328.378
MinimumVisualStudioVersion = 10.0.40219.1
Project("{8BC9CEB8-8B4A-11D0-8D11-00A0C91BC942}") = "SomeBasicOpenGLCodes", "SomeBasicOpenGLCodes\SomeBasicOpenGLCodes.vcxproj", "{12D4A403-5E2C-4EE8-9474-D48683A2620D}"
EndProject
Project("{8BC9CEB8-8B4A-11D0-8D11-00A0C91BC942}") = "SomeOpenGLLightingStuff", "SomeOpenGLLightingStuff\SomeOpenGLLightingStuff.vcxproj", "{F6C98FF1-3171-446A-9F08-9CDB87984C4A}"
EndProject
Project("{8BC9CEB8-8B4A-11D0-8D11-00A0C91BC942}") = "Assignment1", "ComputerGraphicsAssignment1\Assignment1.vcxproj", "{18B73FBB-472A-49D1-A3DC-548C8D60DE7F}"
EndProject
Global
	GlobalSection(SolutionConfigurationPlatforms) = preSolution
		Debug|x86 = Debug|x86
		Release|x86 = Release|x86
	EndGlobalSection
	GlobalSection(ProjectConfigurationPlatforms) = postSolution
		{12D4A403-5E2C-4EE8-9474-D48683A2620D}.Debug|x86.ActiveCfg = Debug|Win32
		{12D4A403-5E2C-4EE8-9474-D48683A2620D}.Debug|x86.Build.0 = Debug|Win32
		{12D4A403-5E2C-4EE8-9474-D48683A2620D}.Release|x86.ActiveCfg = Release|Win32
		{12D4A403-5E2C-4EE8-9474-D48683A2620D}.Release|x86.Build.0 = Release|Win32
		{F6C98FF1-3171-446A-9F08-9CDB87984C4A}.Debug|x86.ActiveCfg = Debug|Win32
		{F6C98FF1-3171-446A-9F08-9CDB87984C4A}.Debug|x86.Build.0 = Debug|Win32
		{F6C98FF1-3171-446A-9F08-9CDB87984C4A}.Release|x86.ActiveCfg = Release|Win32
		{F6C98FF1-3171-446A-9F08-9CDB87984C4A}.Release|x86.Build.0 = Release|Win32
		{18B73FBB-472A-49D1-A3DC-548C8D60DE7F}.Debug|x86.ActiveCfg = Debug|Win32
		{18B73FBB-472A-49D1-A3DC-548C8D60DE7F}.Debug|x86.Build.0 = Debug|Win32
		{18B73FBB-472A-49D1-A3DC-548C8D60DE7F}.Release|x86.ActiveCfg = Release|Win32
		{18B73FBB-472A-49D1-A3DC-548C8D60DE7F}.Release|x86.Build.0 = Release|Win32
	EndGlobalSection
	GlobalSection(SolutionProperties) = preSolution
		HideSolutionNode = FALSE
	EndGlobalSection
	GlobalSection(ExtensibilityGlobals) = postSolution
		SolutionGuid = {EB20CE15-039C-409C-B792-7F90A6988B46}
	EndGlobalSection
EndGlobal
